schema: '2.0'
stages:
  prepare:
    cmd: python src/data/prepare.py
    deps:
    - path: data/raw
      hash: md5
      md5: 1236629e16d751ea84b5dba8aed3c8f1.dir
      size: 14929458
      nfiles: 16
    - path: src/data/prepare.py
      hash: md5
      md5: c1c63257f01e94a381f817481976b144
      size: 1557
    outs:
    - path: data/processed
      hash: md5
      md5: 2c6841444f2f896bc844674f222ba637.dir
      size: 1208122
      nfiles: 3
  train:
    cmd: python src/train/train.py
    deps:
    - path: data/processed/train.csv
      hash: md5
      md5: 99dc2a1806a93198c392ef7337971202
      size: 807400
    - path: data/processed/validation.csv
      hash: md5
      md5: 2893affb92df80c212b867e34f5fa564
      size: 161167
    - path: src/train/train.py
      hash: md5
      md5: 47a472fa7adf13858497377b336f5a60
      size: 3243
    outs:
    - path: models/intent_classifier.joblib
      hash: md5
      md5: 47683c017987e542bd2c8053733a14d2
      size: 38244252
    - path: models/mlflow_run_id.txt
      hash: md5
      md5: d59e5faaf993ac9f70bc6354ea0ddd24
      size: 32
  evaluate:
    cmd: python src/evaluate/evaluate.py
    deps:
    - path: data/processed/test.csv
      hash: md5
      md5: 873587b08da0ef03aee0eb2dcaa6cc1f
      size: 239555
    - path: models/intent_classifier.joblib
      hash: md5
      md5: 47683c017987e542bd2c8053733a14d2
      size: 38244252
    - path: src/evaluate/evaluate.py
      hash: md5
      md5: 089855c006a89970203d487a6e3688ca
      size: 2113
    outs:
    - path: models/metrics.json
      hash: md5
      md5: 7a4f2793cbb37428e7814c3478588ecf
      size: 122
  register:
    cmd: python src/register/register.py
    deps:
    - path: models/metrics.json
      hash: md5
      md5: 7a4f2793cbb37428e7814c3478588ecf
      size: 122
    - path: models/mlflow_run_id.txt
      hash: md5
      md5: d59e5faaf993ac9f70bc6354ea0ddd24
      size: 32
    - path: src/register/register.py
      hash: md5
      md5: bfc22041c781c50440ddc730712fe71e
      size: 3431
    outs:
    - path: models/registered_model_version.txt
      hash: md5
      md5: eccbc87e4b5ce2fe28308fd9f2a7baf3
      size: 1
